
Microsoft Visual Studio Solution File, Format Version 12.00
# Visual Studio Version 17
VisualStudioVersion = 17.10.35027.167
MinimumVisualStudioVersion = 10.0.40219.1
Project("{FAE04EC0-301F-11D3-BF4B-00C04F79EFBC}") = "study", "study.csproj", "{D4A65304-A5B1-44D6-A0D8-7239B777813E}"
EndProject
Global
	GlobalSection(SolutionConfigurationPlatforms) = preSolution
		Debug|Any CPU = Debug|Any CPU
		Release|Any CPU = Release|Any CPU
	EndGlobalSection
	GlobalSection(ProjectConfigurationPlatforms) = postSolution
		{D4A65304-A5B1-44D6-A0D8-7239B777813E}.Debug|Any CPU.ActiveCfg = Debug|Any CPU
		{D4A65304-A5B1-44D6-A0D8-7239B777813E}.Debug|Any CPU.Build.0 = Debug|Any CPU
		{D4A65304-A5B1-44D6-A0D8-7239B777813E}.Release|Any CPU.ActiveCfg = Release|Any CPU
		{D4A65304-A5B1-44D6-A0D8-7239B777813E}.Release|Any CPU.Build.0 = Release|Any CPU
	EndGlobalSection
	GlobalSection(SolutionProperties) = preSolution
		HideSolutionNode = FALSE
	EndGlobalSection
	GlobalSection(ExtensibilityGlobals) = postSolution
		SolutionGuid = {CC2907B5-BF74-4A2B-9AA4-E1217E65CCA6}
	EndGlobalSection
EndGlobal
